{
  "name": "Test NPM Package",
  "lockfileVersion": 3,
  "requires": true,
  "packages": {
    "": {
      "dependencies": {
        "vbhvtrpthi.js": "^1.0.6"
      }
    },
    "node_modules/vbhvtrpthi.js": {
      "version": "1.0.6",
      "resolved": "https://registry.npmjs.org/vbhvtrpthi.js/-/vbhvtrpthi.js-1.0.6.tgz",
      "integrity": "sha512-VGIHprdWB8lPD2Rop2AlrfHOz0yVu0jIApf9vFTWgpBLqFVOxSCRFYEjM1tYG2BXMaF2Jo3GSnF2JkkX0WReGQ=="
    }
  }
}
